{
  "name": "Pipelined",
  "lockfileVersion": 3,
  "requires": true,
  "packages": {
    "": {
      "dependencies": {
        "@auth/prisma-adapter": "^2.11.1",
        "bcrypt": "^6.0.0"
      },
      "devDependencies": {
        "@types/bcrypt": "^6.0.0"
      }
    },
    "node_modules/@auth/core": {
      "version": "0.41.1",
      "resolved": "https://registry.npmjs.org/@auth/core/-/core-0.41.1.tgz",
      "integrity": "sha512-t9cJ2zNYAdWMacGRMT6+r4xr1uybIdmYa49calBPeTqwgAFPV/88ac9TEvCR85pvATiSPt8VaNf+Gt24JIT/uw==",
      "license": "ISC",
      "dependencies": {
        "@panva/hkdf": "^1.2.1",
        "jose": "^6.0.6",
        "oauth4webapi": "^3.3.0",
        "preact": "10.24.3",
        "preact-render-to-string": "6.5.11"
      },
      "peerDependencies": {
        "@simplewebauthn/browser": "^9.0.1",
        "@simplewebauthn/server": "^9.0.2",
        "nodemailer": "^7.0.7"
      },
      "peerDependenciesMeta": {
        "@simplewebauthn/browser": {
          "optional": true
        },
        "@simplewebauthn/server": {
          "optional": true
        },
        "nodemailer": {
          "optional": true
        }
      }
    },
    "node_modules/@auth/prisma-adapter": {
      "version": "2.11.1",
      "resolved": "https://registry.npmjs.org/@auth/prisma-adapter/-/prisma-adapter-2.11.1.tgz",
      "integrity": "sha512-Ke7DXP0Fy0Mlmjz/ZJLXwQash2UkA4621xCM0rMtEczr1kppLc/njCbUkHkIQ/PnmILjqSPEKeTjDPsYruvkug==",
      "license": "ISC",
      "dependencies": {
        "@auth/core": "0.41.1"
      },
      "peerDependencies": {
        "@prisma/client": ">=2.26.0 || >=3 || >=4 || >=5 || >=6"
      }
    },
    "node_modules/@panva/hkdf": {
      "version": "1.2.1",
      "resolved": "https://registry.npmjs.org/@panva/hkdf/-/hkdf-1.2.1.tgz",
      "integrity": "sha512-6oclG6Y3PiDFcoyk8srjLfVKyMfVCKJ27JwNPViuXziFpmdz+MZnZN/aKY0JGXgYuO/VghU0jcOAZgWXZ1Dmrw==",
      "license": "MIT",
      "funding": {
        "url": "https://github.com/sponsors/panva"
      }
    },
    "node_modules/@prisma/client": {
      "version": "7.7.0",
      "resolved": "https://registry.npmjs.org/@prisma/client/-/client-7.7.0.tgz",
      "integrity": "sha512-5Ar4OsZpJ54s21sy5oDNNW9gQtd4NuxCaiM7+JDTOU07D6VvlpLjYzAVCMB1+JzokN+08dAVomlx+b7bhJd3ww==",
      "license": "Apache-2.0",
      "peer": true,
      "dependencies": {
        "@prisma/client-runtime-utils": "7.7.0"
      },
      "engines": {
        "node": "^20.19 || ^22.12 || >=24.0"
      },
      "peerDependencies": {
        "prisma": "*",
        "typescript": ">=5.4.0"
      },
      "peerDependenciesMeta": {
        "prisma": {
          "optional": true
        },
        "typescript": {
          "optional": true
        }
      }
    },
    "node_modules/@prisma/client-runtime-utils": {
      "version": "7.7.0",
      "resolved": "https://registry.npmjs.org/@prisma/client-runtime-utils/-/client-runtime-utils-7.7.0.tgz",
      "integrity": "sha512-BLyd0UpFYOtyJFTHm7jS9vesHW7P83abibodQMiIofqjBKzDHQ1VAsQkdfvXyYDkPlONPfOTz7/rv3x/+CQqvQ==",
      "license": "Apache-2.0",
      "peer": true
    },
    "node_modules/@types/bcrypt": {
      "version": "6.0.0",
      "resolved": "https://registry.npmjs.org/@types/bcrypt/-/bcrypt-6.0.0.tgz",
      "integrity": "sha512-/oJGukuH3D2+D+3H4JWLaAsJ/ji86dhRidzZ/Od7H/i8g+aCmvkeCc6Ni/f9uxGLSQVCRZkX2/lqEFG2BvWtlQ==",
      "dev": true,
      "license": "MIT",
      "dependencies": {
        "@types/node": "*"
      }
    },
    "node_modules/@types/node": {
      "version": "25.5.2",
      "resolved": "https://registry.npmjs.org/@types/node/-/node-25.5.2.tgz",
      "integrity": "sha512-tO4ZIRKNC+MDWV4qKVZe3Ql/woTnmHDr5JD8UI5hn2pwBrHEwOEMZK7WlNb5RKB6EoJ02gwmQS9OrjuFnZYdpg==",
      "dev": true,
      "license": "MIT",
      "dependencies": {
        "undici-types": "~7.18.0"
      }
    },
    "node_modules/bcrypt": {
      "version": "6.0.0",
      "resolved": "https://registry.npmjs.org/bcrypt/-/bcrypt-6.0.0.tgz",
      "integrity": "sha512-cU8v/EGSrnH+HnxV2z0J7/blxH8gq7Xh2JFT6Aroax7UohdmiJJlxApMxtKfuI7z68NvvVcmR78k2LbT6efhRg==",
      "hasInstallScript": true,
      "license": "MIT",
      "dependencies": {
        "node-addon-api": "^8.3.0",
        "node-gyp-build": "^4.8.4"
      },
      "engines": {
        "node": ">= 18"
      }
    },
    "node_modules/jose": {
      "version": "6.2.2",
      "resolved": "https://registry.npmjs.org/jose/-/jose-6.2.2.tgz",
      "integrity": "sha512-d7kPDd34KO/YnzaDOlikGpOurfF0ByC2sEV4cANCtdqLlTfBlw2p14O/5d/zv40gJPbIQxfES3nSx1/oYNyuZQ==",
      "license": "MIT",
      "funding": {
        "url": "https://github.com/sponsors/panva"
      }
    },
    "node_modules/node-addon-api": {
      "version": "8.7.0",
      "resolved": "https://registry.npmjs.org/node-addon-api/-/node-addon-api-8.7.0.tgz",
      "integrity": "sha512-9MdFxmkKaOYVTV+XVRG8ArDwwQ77XIgIPyKASB1k3JPq3M8fGQQQE3YpMOrKm6g//Ktx8ivZr8xo1Qmtqub+GA==",
      "license": "MIT",
      "engines": {
        "node": "^18 || ^20 || >= 21"
      }
    },
    "node_modules/node-gyp-build": {
      "version": "4.8.4",
      "resolved": "https://registry.npmjs.org/node-gyp-build/-/node-gyp-build-4.8.4.tgz",
      "integrity": "sha512-LA4ZjwlnUblHVgq0oBF3Jl/6h/Nvs5fzBLwdEF4nuxnFdsfajde4WfxtJr3CaiH+F6ewcIB/q4jQ4UzPyid+CQ==",
      "license": "MIT",
      "bin": {
        "node-gyp-build": "bin.js",
        "node-gyp-build-optional": "optional.js",
        "node-gyp-build-test": "build-test.js"
      }
    },
    "node_modules/oauth4webapi": {
      "version": "3.8.5",
      "resolved": "https://registry.npmjs.org/oauth4webapi/-/oauth4webapi-3.8.5.tgz",
      "integrity": "sha512-A8jmyUckVhRJj5lspguklcl90Ydqk61H3dcU0oLhH3Yv13KpAliKTt5hknpGGPZSSfOwGyraNEFmofDYH+1kSg==",
      "license": "MIT",
      "funding": {
        "url": "https://github.com/sponsors/panva"
      }
    },
    "node_modules/preact": {
      "version": "10.24.3",
      "resolved": "https://registry.npmjs.org/preact/-/preact-10.24.3.tgz",
      "integrity": "sha512-Z2dPnBnMUfyQfSQ+GBdsGa16hz35YmLmtTLhM169uW944hYL6xzTYkJjC07j+Wosz733pMWx0fgON3JNw1jJQA==",
      "license": "MIT",
      "funding": {
        "type": "opencollective",
        "url": "https://opencollective.com/preact"
      }
    },
    "node_modules/preact-render-to-string": {
      "version": "6.5.11",
      "resolved": "https://registry.npmjs.org/preact-render-to-string/-/preact-render-to-string-6.5.11.tgz",
      "integrity": "sha512-ubnauqoGczeGISiOh6RjX0/cdaF8v/oDXIjO85XALCQjwQP+SB4RDXXtvZ6yTYSjG+PC1QRP2AhPgCEsM2EvUw==",
      "license": "MIT",
      "peerDependencies": {
        "preact": ">=10"
      }
    },
    "node_modules/undici-types": {
      "version": "7.18.2",
      "resolved": "https://registry.npmjs.org/undici-types/-/undici-types-7.18.2.tgz",
      "integrity": "sha512-AsuCzffGHJybSaRrmr5eHr81mwJU3kjw6M+uprWvCXiNeN9SOGwQ3Jn8jb8m3Z6izVgknn1R0FTCEAP2QrLY/w==",
      "dev": true,
      "license": "MIT"
    }
  }
}
